# This file is automatically @generated by Cargo.
# It is not intended for manual editing.
version = 4

[[package]]
name = "arrayvec"
version = "0.7.6"
source = "registry+https://github.com/rust-lang/crates.io-index"
checksum = "7c02d123df017efcdfbd739ef81735b36c5ba83ec3c59c80a9d7ecc718f92e50"

[[package]]
name = "autocfg"
version = "1.5.0"
source = "registry+https://github.com/rust-lang/crates.io-index"
checksum = "c08606f8c3cbf4ce6ec8e28fb0014a2c086708fe954eaa885384a6165172e7e8"

[[package]]
name = "color"
version = "0.3.2"
source = "registry+https://github.com/rust-lang/crates.io-index"
checksum = "a18ef4657441fb193b65f34dc39b3781f0dfec23d3bd94d0eeb4e88cde421edb"
dependencies = [
 "libm",
]

[[package]]
name = "euclid"
version = "0.22.11"
source = "registry+https://github.com/rust-lang/crates.io-index"
checksum = "ad9cdb4b747e485a12abb0e6566612956c7a1bafa3bdb8d682c5b6d403589e48"
dependencies = [
 "num-traits",
]

[[package]]
name = "foldhash"
version = "0.2.0"
source = "registry+https://github.com/rust-lang/crates.io-index"
checksum = "77ce24cb58228fbb8aa041425bb1050850ac19177686ea6e0f41a70416f56fdb"

[[package]]
name = "hashbrown"
version = "0.16.1"
source = "registry+https://github.com/rust-lang/crates.io-index"
checksum = "841d1cc9bed7f9236f321df977030373f4a4163ae1a7dbfe1a51a2c1a51d9100"
dependencies = [
 "foldhash",
 "rustc-std-workspace-alloc",
]

[[package]]
name = "kurbo"
version = "0.12.0"
source = "registry+https://github.com/rust-lang/crates.io-index"
checksum = "ce9729cc38c18d86123ab736fd2e7151763ba226ac2490ec092d1dd148825e32"
dependencies = [
 "arrayvec",
 "euclid",
 "libm",
 "smallvec",
]

[[package]]
name = "libm"
version = "0.2.15"
source = "registry+https://github.com/rust-lang/crates.io-index"
checksum = "f9fbbcab51052fe104eb5e5d351cf728d30a5be1fe14d9be8a3b097481fb97de"

[[package]]
name = "linebender_resource_handle"
version = "0.1.1"
source = "registry+https://github.com/rust-lang/crates.io-index"
checksum = "d4a5ff6bcca6c4867b1c4fd4ef63e4db7436ef363e0ad7531d1558856bae64f4"

[[package]]
name = "num-traits"
version = "0.2.19"
source = "registry+https://github.com/rust-lang/crates.io-index"
checksum = "071dfc062690e90b734c0b2273ce72ad0ffa95f0c74596bc250dcfd960262841"
dependencies = [
 "autocfg",
 "libm",
]

[[package]]
name = "peniko"
version = "0.5.0"
source = "registry+https://github.com/rust-lang/crates.io-index"
checksum = "b3c76095c9a636173600478e0373218c7b955335048c2bcd12dc6a79657649d8"
dependencies = [
 "color",
 "kurbo",
 "linebender_resource_handle",
 "smallvec",
]

[[package]]
name = "rustc-std-workspace-alloc"
version = "1.0.1"
source = "registry+https://github.com/rust-lang/crates.io-index"
checksum = "f9d441c3b2ebf55cebf796bfdc265d67fa09db17b7bb6bd4be75c509e1e8fec3"

[[package]]
name = "smallvec"
version = "1.15.1"
source = "registry+https://github.com/rust-lang/crates.io-index"
checksum = "67b1b7a3b5fe4f1376887184045fcf45c69e92af734b7aaddc05fb777b6fbd03"

[[package]]
name = "vizir_charts"
version = "0.1.0"
dependencies = [
 "kurbo",
 "libm",
 "peniko",
 "vizir_core",
 "vizir_transforms",
]

[[package]]
name = "vizir_charts_demo"
version = "0.1.0"
dependencies = [
 "kurbo",
 "peniko",
 "vizir_charts",
 "vizir_core",
 "vizir_transforms",
]

[[package]]
name = "vizir_core"
version = "0.1.0"
dependencies = [
 "hashbrown",
 "kurbo",
 "peniko",
 "smallvec",
]

[[package]]
name = "vizir_examples"
version = "0.1.0"
dependencies = [
 "kurbo",
 "peniko",
 "vizir_core",
]

[[package]]
name = "vizir_transforms"
version = "0.1.0"
dependencies = [
 "hashbrown",
 "libm",
 "vizir_core",
]
